
Microsoft Visual Studio Solution File, Format Version 11.00
# Visual Studio 2010
Project("{FAE04EC0-301F-11D3-BF4B-00C04F79EFBC}") = "Ext.Direct.Mvc1", "Ext.Direct.Mvc\Ext.Direct.Mvc1.csproj", "{3407F249-F10A-470F-BF34-2D147FACBB92}"
EndProject
Global
	GlobalSection(SolutionConfigurationPlatforms) = preSolution
		Debug|Any CPU = Debug|Any CPU
		Release|Any CPU = Release|Any CPU
	EndGlobalSection
	GlobalSection(ProjectConfigurationPlatforms) = postSolution
		{3407F249-F10A-470F-BF34-2D147FACBB92}.Debug|Any CPU.ActiveCfg = Debug|Any CPU
		{3407F249-F10A-470F-BF34-2D147FACBB92}.Debug|Any CPU.Build.0 = Debug|Any CPU
		{3407F249-F10A-470F-BF34-2D147FACBB92}.Release|Any CPU.ActiveCfg = Release|Any CPU
		{3407F249-F10A-470F-BF34-2D147FACBB92}.Release|Any CPU.Build.0 = Release|Any CPU
	EndGlobalSection
	GlobalSection(SolutionProperties) = preSolution
		HideSolutionNode = FALSE
	EndGlobalSection
EndGlobal
